
Microsoft Visual Studio Solution File, Format Version 12.00
# Visual Studio Version 17
VisualStudioVersion = 17.8.34511.84
MinimumVisualStudioVersion = 10.0.40219.1
Project("{FAE04EC0-301F-11D3-BF4B-00C04F79EFBC}") = "Assignment Advanced C# 1", "Assignment Advanced C# 1\Assignment Advanced C# 1.csproj", "{9DE00880-DD36-41DF-A74B-37B1415E9C7A}"
EndProject
Global
	GlobalSection(SolutionConfigurationPlatforms) = preSolution
		Debug|Any CPU = Debug|Any CPU
		Release|Any CPU = Release|Any CPU
	EndGlobalSection
	GlobalSection(ProjectConfigurationPlatforms) = postSolution
		{9DE00880-DD36-41DF-A74B-37B1415E9C7A}.Debug|Any CPU.ActiveCfg = Debug|Any CPU
		{9DE00880-DD36-41DF-A74B-37B1415E9C7A}.Debug|Any CPU.Build.0 = Debug|Any CPU
		{9DE00880-DD36-41DF-A74B-37B1415E9C7A}.Release|Any CPU.ActiveCfg = Release|Any CPU
		{9DE00880-DD36-41DF-A74B-37B1415E9C7A}.Release|Any CPU.Build.0 = Release|Any CPU
	EndGlobalSection
	GlobalSection(SolutionProperties) = preSolution
		HideSolutionNode = FALSE
	EndGlobalSection
	GlobalSection(ExtensibilityGlobals) = postSolution
		SolutionGuid = {0A636F3E-51E0-4348-B9DB-7F59408E0F3F}
	EndGlobalSection
EndGlobal
